
Microsoft Visual Studio Solution File, Format Version 12.00
# Visual Studio Version 16
VisualStudioVersion = 16.0.33027.164
MinimumVisualStudioVersion = 10.0.40219.1
Project("{FAE04EC0-301F-11D3-BF4B-00C04F79EFBC}") = "MD5WindowsFormsApp", "MD5WindowsFormsApp\MD5WindowsFormsApp.csproj", "{E9113299-28FC-46F6-A644-713DB036DDF5}"
EndProject
Global
	GlobalSection(SolutionConfigurationPlatforms) = preSolution
		Debug|Any CPU = Debug|Any CPU
		Release|Any CPU = Release|Any CPU
	EndGlobalSection
	GlobalSection(ProjectConfigurationPlatforms) = postSolution
		{E9113299-28FC-46F6-A644-713DB036DDF5}.Debug|Any CPU.ActiveCfg = Debug|Any CPU
		{E9113299-28FC-46F6-A644-713DB036DDF5}.Debug|Any CPU.Build.0 = Debug|Any CPU
		{E9113299-28FC-46F6-A644-713DB036DDF5}.Release|Any CPU.ActiveCfg = Release|Any CPU
		{E9113299-28FC-46F6-A644-713DB036DDF5}.Release|Any CPU.Build.0 = Release|Any CPU
	EndGlobalSection
	GlobalSection(SolutionProperties) = preSolution
		HideSolutionNode = FALSE
	EndGlobalSection
	GlobalSection(ExtensibilityGlobals) = postSolution
		SolutionGuid = {9B433344-9645-4298-9E00-63BD1731A796}
	EndGlobalSection
EndGlobal
